// !$*UTF8*$!
{
	archiveVersion = 1;
	classes = {
	};
	objectVersion = 46;
	objects = {

/* Begin PBXBuildFile section */
		D196550A1A7C668300905F7B /* AppDelegate.swift in Sources */ = {isa = PBXBuildFile; fileRef = D19655091A7C668300905F7B /* AppDelegate.swift */; };
		D196550C1A7C668300905F7B /* ViewController.swift in Sources */ = {isa = PBXBuildFile; fileRef = D196550B1A7C668300905F7B /* ViewController.swift */; };
		D196550F1A7C668300905F7B /* Main.storyboard in Resources */ = {isa = PBXBuildFile; fileRef = D196550D1A7C668300905F7B /* Main.storyboard */; };
		D19655111A7C668300905F7B /* Images.xcassets in Resources */ = {isa = PBXBuildFile; fileRef = D19655101A7C668300905F7B /* Images.xcassets */; };
		D19655141A7C668300905F7B /* LaunchScreen.xib in Resources */ = {isa = PBXBuildFile; fileRef = D19655121A7C668300905F7B /* LaunchScreen.xib */; };
		D19655201A7C668300905F7B /* Test_GithubTests.swift in Sources */ = {isa = PBXBuildFile; fileRef = D196551F1A7C668300905F7B /* Test_GithubTests.swift */; };
/* End PBXBuildFile section */

/* Begin PBXContainerItemProxy section */
		D196551A1A7C668300905F7B /* PBXContainerItemProxy */ = {
			isa = PBXContainerItemProxy;
			containerPortal = D19654FC1A7C668300905F7B /* Project object */;
			proxyType = 1;
			remoteGlobalIDString = D19655031A7C668300905F7B;
			remoteInfo = "Test Github";
		};
/* End PBXContainerItemProxy section */

/* Begin PBXFileReference section */
		D19655041A7C668300905F7B /* Test Github.app */ = {isa = PBXFileReference; explicitFileType = wrapper.application; includeInIndex = 0; path = "Test Github.app"; sourceTree = BUILT_PRODUCTS_DIR; };
		D19655081A7C668300905F7B /* Info.plist */ = {isa = PBXFileReference; lastKnownFileType = text.plist.xml; path = Info.plist; sourceTree = "<group>"; };
		D19655091A7C668300905F7B /* AppDelegate.swift */ = {isa = PBXFileReference; lastKnownFileType = sourcecode.swift; path = AppDelegate.swift; sourceTree = "<group>"; };
		D196550B1A7C668300905F7B /* ViewController.swift */ = {isa = PBXFileReference; lastKnownFileType = sourcecode.swift; path = ViewController.swift; sourceTree = "<group>"; };
		D196550E1A7C668300905F7B /* Base */ = {isa = PBXFileReference; lastKnownFileType = file.storyboard; name = Base; path = Base.lproj/Main.storyboard; sourceTree = "<group>"; };
		D19655101A7C668300905F7B /* Images.xcassets */ = {isa = PBXFileReference; lastKnownFileType = folder.assetcatalog; path = Images.xcassets; sourceTree = "<group>"; };
		D19655131A7C668300905F7B /* Base */ = {isa = PBXFileReference; lastKnownFileType = file.xib; name = Base; path = Base.lproj/LaunchScreen.xib; sourceTree = "<group>"; };
		D19655191A7C668300905F7B /* Test GithubTests.xctest */ = {isa = PBXFileReference; explicitFileType = wrapper.cfbundle; includeInIndex = 0; path = "Test GithubTests.xctest"; sourceTree = BUILT_PRODUCTS_DIR; };
		D196551E1A7C668300905F7B /* Info.plist */ = {isa = PBXFileReference; lastKnownFileType = text.plist.xml; path = Info.plist; sourceTree = "<group>"; };
		D196551F1A7C668300905F7B /* Test_GithubTests.swift */ = {isa = PBXFileReference; lastKnownFileType = sourcecode.swift; path = Test_GithubTests.swift; sourceTree = "<group>"; };
		D19655291A7C6C4600905F7B /* Header.h */ = {isa = PBXFileReference; lastKnownFileType = sourcecode.c.h; path = Header.h; sourceTree = "<group>"; };
/* End PBXFileReference section */

/* Begin PBXFrameworksBuildPhase section */
		D19655011A7C668300905F7B /* Frameworks */ = {
			isa = PBXFrameworksBuildPhase;
			buildActionMask = 2147483647;
			files = (
			);
			runOnlyForDeploymentPostprocessing = 0;
		};
		D19655161A7C668300905F7B /* Frameworks */ = {
			isa = PBXFrameworksBuildPhase;
			buildActionMask = 2147483647;
			files = (
			);
			runOnlyForDeploymentPostprocessing = 0;
		};
/* End PBXFrameworksBuildPhase section */

/* Begin PBXGroup section */
		D19654FB1A7C668300905F7B = {
			isa = PBXGroup;
			children = (
				D19655291A7C6C4600905F7B /* Header.h */,
				D19655061A7C668300905F7B /* Test Github */,
				D196551C1A7C668300905F7B /* Test GithubTests */,
				D19655051A7C668300905F7B /* Products */,
			);
			sourceTree = "<group>";
		};
		D19655051A7C668300905F7B /* Products */ = {
			isa = PBXGroup;
			children = (
				D19655041A7C668300905F7B /* Test Github.app */,
				D19655191A7C668300905F7B /* Test GithubTests.xctest */,
			);
			name = Products;
			sourceTree = "<group>";
		};
		D19655061A7C668300905F7B /* Test Github */ = {
			isa = PBXGroup;
			children = (
				D19655091A7C668300905F7B /* AppDelegate.swift */,
				D196550B1A7C668300905F7B /* ViewController.swift */,
				D196550D1A7C668300905F7B /* Main.storyboard */,
				D19655101A7C668300905F7B /* Images.xcassets */,
				D19655121A7C668300905F7B /* LaunchScreen.xib */,
				D19655071A7C668300905F7B /* Supporting Files */,
			);
			path = "Test Github";
			sourceTree = "<group>";
		};
		D19655071A7C668300905F7B /* Supporting Files */ = {
			isa = PBXGroup;
			children = (
				D19655081A7C668300905F7B /* Info.plist */,
			);
			name = "Supporting Files";
			sourceTree = "<group>";
		};
		D196551C1A7C668300905F7B /* Test GithubTests */ = {
			isa = PBXGroup;
			children = (
				D196551F1A7C668300905F7B /* Test_GithubTests.swift */,
				D196551D1A7C668300905F7B /* Supporting Files */,
			);
			path = "Test GithubTests";
			sourceTree = "<group>";
		};
		D196551D1A7C668300905F7B /* Supporting Files */ = {
			isa = PBXGroup;
			children = (
				D196551E1A7C668300905F7B /* Info.plist */,
			);
			name = "Supporting Files";
			sourceTree = "<group>";
		};
/* End PBXGroup section */

/* Begin PBXNativeTarget section */
		D19655031A7C668300905F7B /* Test Github */ = {
			isa = PBXNativeTarget;
			buildConfigurationList = D19655231A7C668300905F7B /* Build configuration list for PBXNativeTarget "Test Github" */;
			buildPhases = (
				D19655001A7C668300905F7B /* Sources */,
				D19655011A7C668300905F7B /* Frameworks */,
				D19655021A7C668300905F7B /* Resources */,
			);
			buildRules = (
			);
			dependencies = (
			);
			name = "Test Github";
			productName = "Test Github";
			productReference = D19655041A7C668300905F7B /* Test Github.app */;
			productType = "com.apple.product-type.application";
		};
		D19655181A7C668300905F7B /* Test GithubTests */ = {
			isa = PBXNativeTarget;
			buildConfigurationList = D19655261A7C668300905F7B /* Build configuration list for PBXNativeTarget "Test GithubTests" */;
			buildPhases = (
				D19655151A7C668300905F7B /* Sources */,
				D19655161A7C668300905F7B /* Frameworks */,
				D19655171A7C668300905F7B /* Resources */,
			);
			buildRules = (
			);
			dependencies = (
				D196551B1A7C668300905F7B /* PBXTargetDependency */,
			);
			name = "Test GithubTests";
			productName = "Test GithubTests";
			productReference = D19655191A7C668300905F7B /* Test GithubTests.xctest */;
			productType = "com.apple.product-type.bundle.unit-test";
		};
/* End PBXNativeTarget section */

/* Begin PBXProject section */
		D19654FC1A7C668300905F7B /* Project object */ = {
			isa = PBXProject;
			attributes = {
				LastUpgradeCheck = 0610;
				ORGANIZATIONNAME = "1-Net Singapore Pte Ltd.";
				TargetAttributes = {
					D19655031A7C668300905F7B = {
						CreatedOnToolsVersion = 6.1.1;
					};
					D19655181A7C668300905F7B = {
						CreatedOnToolsVersion = 6.1.1;
						TestTargetID = D19655031A7C668300905F7B;
					};
				};
			};
			buildConfigurationList = D19654FF1A7C668300905F7B /* Build configuration list for PBXProject "Test Github" */;
			compatibilityVersion = "Xcode 3.2";
			developmentRegion = English;
			hasScannedForEncodings = 0;
			knownRegions = (
				en,
				Base,
			);
			mainGroup = D19654FB1A7C668300905F7B;
			productRefGroup = D19655051A7C668300905F7B /* Products */;
			projectDirPath = "";
			projectRoot = "";
			targets = (
				D19655031A7C668300905F7B /* Test Github */,
				D19655181A7C668300905F7B /* Test GithubTests */,
			);
		};
/* End PBXProject section */

/* Begin PBXResourcesBuildPhase section */
		D19655021A7C668300905F7B /* Resources */ = {
			isa = PBXResourcesBuildPhase;
			buildActionMask = 2147483647;
			files = (
				D196550F1A7C668300905F7B /* Main.storyboard in Resources */,
				D19655141A7C668300905F7B /* LaunchScreen.xib in Resources */,
				D19655111A7C668300905F7B /* Images.xcassets in Resources */,
			);
			runOnlyForDeploymentPostprocessing = 0;
		};
		D19655171A7C668300905F7B /* Resources */ = {
			isa = PBXResourcesBuildPhase;
			buildActionMask = 2147483647;
			files = (
			);
			runOnlyForDeploymentPostprocessing = 0;
		};
/* End PBXResourcesBuildPhase section */

/* Begin PBXSourcesBuildPhase section */
		D19655001A7C668300905F7B /* Sources */ = {
			isa = PBXSourcesBuildPhase;
			buildActionMask = 2147483647;
			files = (
				D196550C1A7C668300905F7B /* ViewController.swift in Sources */,
				D196550A1A7C668300905F7B /* AppDelegate.swift in Sources */,
			);
			runOnlyForDeploymentPostprocessing = 0;
		};
		D19655151A7C668300905F7B /* Sources */ = {
			isa = PBXSourcesBuildPhase;
			buildActionMask = 2147483647;
			files = (
				D19655201A7C668300905F7B /* Test_GithubTests.swift in Sources */,
			);
			runOnlyForDeploymentPostprocessing = 0;
		};
/* End PBXSourcesBuildPhase section */

/* Begin PBXTargetDependency section */
		D196551B1A7C668300905F7B /* PBXTargetDependency */ = {
			isa = PBXTargetDependency;
			target = D19655031A7C668300905F7B /* Test Github */;
			targetProxy = D196551A1A7C668300905F7B /* PBXContainerItemProxy */;
		};
/* End PBXTargetDependency section */

/* Begin PBXVariantGroup section */
		D196550D1A7C668300905F7B /* Main.storyboard */ = {
			isa = PBXVariantGroup;
			children = (
				D196550E1A7C668300905F7B /* Base */,
			);
			name = Main.storyboard;
			sourceTree = "<group>";
		};
		D19655121A7C668300905F7B /* LaunchScreen.xib */ = {
			isa = PBXVariantGroup;
			children = (
				D19655131A7C668300905F7B /* Base */,
			);
			name = LaunchScreen.xib;
			sourceTree = "<group>";
		};
/* End PBXVariantGroup section */

/* Begin XCBuildConfiguration section */
		D19655211A7C668300905F7B /* Debug */ = {
			isa = XCBuildConfiguration;
			buildSettings = {
				ALWAYS_SEARCH_USER_PATHS = NO;
				CLANG_CXX_LANGUAGE_STANDARD = "gnu++0x";
				CLANG_CXX_LIBRARY = "libc++";
				CLANG_ENABLE_MODULES = YES;
				CLANG_ENABLE_OBJC_ARC = YES;
				CLANG_WARN_BOOL_CONVERSION = YES;
				CLANG_WARN_CONSTANT_CONVERSION = YES;
				CLANG_WARN_DIRECT_OBJC_ISA_USAGE = YES_ERROR;
				CLANG_WARN_EMPTY_BODY = YES;
				CLANG_WARN_ENUM_CONVERSION = YES;
				CLANG_WARN_INT_CONVERSION = YES;
				CLANG_WARN_OBJC_ROOT_CLASS = YES_ERROR;
				CLANG_WARN_UNREACHABLE_CODE = YES;
				CLANG_WARN__DUPLICATE_METHOD_MATCH = YES;
				"CODE_SIGN_IDENTITY[sdk=iphoneos*]" = "iPhone Developer";
				COPY_PHASE_STRIP = NO;
				ENABLE_STRICT_OBJC_MSGSEND = YES;
				GCC_C_LANGUAGE_STANDARD = gnu99;
				GCC_DYNAMIC_NO_PIC = NO;
				GCC_OPTIMIZATION_LEVEL = 0;
				GCC_PREPROCESSOR_DEFINITIONS = (
					"DEBUG=1",
					"$(inherited)",
				);
				GCC_SYMBOLS_PRIVATE_EXTERN = NO;
				GCC_WARN_64_TO_32_BIT_CONVERSION = YES;
				GCC_WARN_ABOUT_RETURN_TYPE = YES_ERROR;
				GCC_WARN_UNDECLARED_SELECTOR = YES;
				GCC_WARN_UNINITIALIZED_AUTOS = YES_AGGRESSIVE;
				GCC_WARN_UNUSED_FUNCTION = YES;
				GCC_WARN_UNUSED_VARIABLE = YES;
				IPHONEOS_DEPLOYMENT_TARGET = 8.1;
				MTL_ENABLE_DEBUG_INFO = YES;
				ONLY_ACTIVE_ARCH = YES;
				SDKROOT = iphoneos;
				SWIFT_OPTIMIZATION_LEVEL = "-Onone";
			};
			name = Debug;
		};
		D19655221A7C668300905F7B /* Release */ = {
			isa = XCBuildConfiguration;
			buildSettings = {
				ALWAYS_SEARCH_USER_PATHS = NO;
				CLANG_CXX_LANGUAGE_STANDARD = "gnu++0x";
				CLANG_CXX_LIBRARY = "libc++";
				CLANG_ENABLE_MODULES = YES;
				CLANG_ENABLE_OBJC_ARC = YES;
				CLANG_WARN_BOOL_CONVERSION = YES;
				CLANG_WARN_CONSTANT_CONVERSION = YES;
				CLANG_WARN_DIRECT_OBJC_ISA_USAGE = YES_ERROR;
				CLANG_WARN_EMPTY_BODY = YES;
				CLANG_WARN_ENUM_CONVERSION = YES;
				CLANG_WARN_INT_CONVERSION = YES;
				CLANG_WARN_OBJC_ROOT_CLASS = YES_ERROR;
				CLANG_WARN_UNREACHABLE_CODE = YES;
				CLANG_WARN__DUPLICATE_METHOD_MATCH = YES;
				"CODE_SIGN_IDENTITY[sdk=iphoneos*]" = "iPhone Developer";
				COPY_PHASE_STRIP = YES;
				ENABLE_NS_ASSERTIONS = NO;
				ENABLE_STRICT_OBJC_MSGSEND = YES;
				GCC_C_LANGUAGE_STANDARD = gnu99;
				GCC_WARN_64_TO_32_BIT_CONVERSION = YES;
				GCC_WARN_ABOUT_RETURN_TYPE = YES_ERROR;
				GCC_WARN_UNDECLARED_SELECTOR = YES;
				GCC_WARN_UNINITIALIZED_AUTOS = YES_AGGRESSIVE;
				GCC_WARN_UNUSED_FUNCTION = YES;
				GCC_WARN_UNUSED_VARIABLE = YES;
				IPHONEOS_DEPLOYMENT_TARGET = 8.1;
				MTL_ENABLE_DEBUG_INFO = NO;
				SDKROOT = iphoneos;
				VALIDATE_PRODUCT = YES;
			};
			name = Release;
		};
		D19655241A7C668300905F7B /* Debug */ = {
			isa = XCBuildConfiguration;
			buildSettings = {
				ASSETCATALOG_COMPILER_APPICON_NAME = AppIcon;
				INFOPLIST_FILE = "Test Github/Info.plist";
				LD_RUNPATH_SEARCH_PATHS = "$(inherited) @executable_path/Frameworks";
				PRODUCT_NAME = "$(TARGET_NAME)";
			};
			name = Debug;
		};
		D19655251A7C668300905F7B /* Release */ = {
			isa = XCBuildConfiguration;
			buildSettings = {
				ASSETCATALOG_COMPILER_APPICON_NAME = AppIcon;
				INFOPLIST_FILE = "Test Github/Info.plist";
				LD_RUNPATH_SEARCH_PATHS = "$(inherited) @executable_path/Frameworks";
				PRODUCT_NAME = "$(TARGET_NAME)";
			};
			name = Release;
		};
		D19655271A7C668300905F7B /* Debug */ = {
			isa = XCBuildConfiguration;
			buildSettings = {
				BUNDLE_LOADER = "$(TEST_HOST)";
				FRAMEWORK_SEARCH_PATHS = (
					"$(SDKROOT)/Developer/Library/Frameworks",
					"$(inherited)",
				);
				GCC_PREPROCESSOR_DEFINITIONS = (
					"DEBUG=1",
					"$(inherited)",
				);
				INFOPLIST_FILE = "Test GithubTests/Info.plist";
				LD_RUNPATH_SEARCH_PATHS = "$(inherited) @executable_path/Frameworks @loader_path/Frameworks";
				PRODUCT_NAME = "$(TARGET_NAME)";
				TEST_HOST = "$(BUILT_PRODUCTS_DIR)/Test Github.app/Test Github";
			};
			name = Debug;
		};
		D19655281A7C668300905F7B /* Release */ = {
			isa = XCBuildConfiguration;
			buildSettings = {
				BUNDLE_LOADER = "$(TEST_HOST)";
				FRAMEWORK_SEARCH_PATHS = (
					"$(SDKROOT)/Developer/Library/Frameworks",
					"$(inherited)",
				);
				INFOPLIST_FILE = "Test GithubTests/Info.plist";
				LD_RUNPATH_SEARCH_PATHS = "$(inherited) @executable_path/Frameworks @loader_path/Frameworks";
				PRODUCT_NAME = "$(TARGET_NAME)";
				TEST_HOST = "$(BUILT_PRODUCTS_DIR)/Test Github.app/Test Github";
			};
			name = Release;
		};
/* End XCBuildConfiguration section */

/* Begin XCConfigurationList section */
		D19654FF1A7C668300905F7B /* Build configuration list for PBXProject "Test Github" */ = {
			isa = XCConfigurationList;
			buildConfigurations = (
				D19655211A7C668300905F7B /* Debug */,
				D19655221A7C668300905F7B /* Release */,
			);
			defaultConfigurationIsVisible = 0;
			defaultConfigurationName = Release;
		};
		D19655231A7C668300905F7B /* Build configuration list for PBXNativeTarget "Test Github" */ = {
			isa = XCConfigurationList;
			buildConfigurations = (
				D19655241A7C668300905F7B /* Debug */,
				D19655251A7C668300905F7B /* Release */,
			);
			defaultConfigurationIsVisible = 0;
		};
		D19655261A7C668300905F7B /* Build configuration list for PBXNativeTarget "Test GithubTests" */ = {
			isa = XCConfigurationList;
			buildConfigurations = (
				D19655271A7C668300905F7B /* Debug */,
				D19655281A7C668300905F7B /* Release */,
			);
			defaultConfigurationIsVisible = 0;
		};
/* End XCConfigurationList section */
	};
	rootObject = D19654FC1A7C668300905F7B /* Project object */;
}
